github.com/kevintran3/cloud-detector v0.0.0-20240302151245-be2762901741 h1:0X5RBqPq2iLVp69mz/Atq1jOtNGDZCWpyeMCfm0zqqQ=
github.com/kevintran3/cloud-detector v0.0.0-20240302151245-be2762901741/go.mod h1:JFPXGWM84CD9QG+Kfqu+lQA2VVZu6yhoc8FV3a158Ew=
github.com/kevintran3/ip-info v0.0.0-20240304020110-8873f7158b52 h1:4PMS6+ra3BpqpDzWMll53DUYrwAxP5Cx+Q2pgEex06E=
github.com/kevintran3/ip-info v0.0.0-20240304020110-8873f7158b52/go.mod h1:ZRcahkEvLsPwfqYxXvPsfB2JvFb3yCAX3VwiJ7vVmV4=
golang.org/x/sys v0.17.0 h1:25cE3gD+tdBA7lp7QfhuV+rJiE9YXTcS3VG1SqssI/Y=
golang.org/x/sys v0.17.0/go.mod h1:/VUhepiaJMQUp4+oa/7Zr1D23ma6VTLIYjOOTFZPUcA=
